
Microsoft Visual Studio Solution File, Format Version 12.00
# Visual Studio Version 17
VisualStudioVersion = 17.5.33424.131
MinimumVisualStudioVersion = 10.0.40219.1
Project("{FAE04EC0-301F-11D3-BF4B-00C04F79EFBC}") = "XFrame.ValueObjects", "XFrame.ValueObjects.csproj", "{8A17AC67-69A4-497B-8ECE-5ED21FDAA33A}"
EndProject
Global
	GlobalSection(SolutionConfigurationPlatforms) = preSolution
		Debug|Any CPU = Debug|Any CPU
		Release|Any CPU = Release|Any CPU
	EndGlobalSection
	GlobalSection(ProjectConfigurationPlatforms) = postSolution
		{8A17AC67-69A4-497B-8ECE-5ED21FDAA33A}.Debug|Any CPU.ActiveCfg = Debug|Any CPU
		{8A17AC67-69A4-497B-8ECE-5ED21FDAA33A}.Debug|Any CPU.Build.0 = Debug|Any CPU
		{8A17AC67-69A4-497B-8ECE-5ED21FDAA33A}.Release|Any CPU.ActiveCfg = Release|Any CPU
		{8A17AC67-69A4-497B-8ECE-5ED21FDAA33A}.Release|Any CPU.Build.0 = Release|Any CPU
	EndGlobalSection
	GlobalSection(SolutionProperties) = preSolution
		HideSolutionNode = FALSE
	EndGlobalSection
	GlobalSection(ExtensibilityGlobals) = postSolution
		SolutionGuid = {3F0F1934-C74D-4747-93EB-6E54D51C4A12}
	EndGlobalSection
EndGlobal
